// !$*UTF8*$!
{
	archiveVersion = 1;
	classes = {
	};
	objectVersion = 56;
	objects = {

/* Begin PBXBuildFile section */
		0DFE837F29F02AC600E62715 /* AppDelegate.swift in Sources */ = {isa = PBXBuildFile; fileRef = 0DFE837E29F02AC600E62715 /* AppDelegate.swift */; };
		0DFE838129F02AC600E62715 /* SceneDelegate.swift in Sources */ = {isa = PBXBuildFile; fileRef = 0DFE838029F02AC600E62715 /* SceneDelegate.swift */; };
		0DFE838329F02AC600E62715 /* ViewController.swift in Sources */ = {isa = PBXBuildFile; fileRef = 0DFE838229F02AC600E62715 /* ViewController.swift */; };
		0DFE838629F02AC600E62715 /* Main.storyboard in Resources */ = {isa = PBXBuildFile; fileRef = 0DFE838429F02AC600E62715 /* Main.storyboard */; };
		0DFE838829F02AC700E62715 /* Assets.xcassets in Resources */ = {isa = PBXBuildFile; fileRef = 0DFE838729F02AC700E62715 /* Assets.xcassets */; };
		0DFE838B29F02AC700E62715 /* LaunchScreen.storyboard in Resources */ = {isa = PBXBuildFile; fileRef = 0DFE838929F02AC700E62715 /* LaunchScreen.storyboard */; };
		0DFE839629F02AC800E62715 /* RandomUserTests.swift in Sources */ = {isa = PBXBuildFile; fileRef = 0DFE839529F02AC800E62715 /* RandomUserTests.swift */; };
		0DFE83A029F02AC800E62715 /* RandomUserUITests.swift in Sources */ = {isa = PBXBuildFile; fileRef = 0DFE839F29F02AC800E62715 /* RandomUserUITests.swift */; };
		0DFE83A229F02AC800E62715 /* RandomUserUITestsLaunchTests.swift in Sources */ = {isa = PBXBuildFile; fileRef = 0DFE83A129F02AC800E62715 /* RandomUserUITestsLaunchTests.swift */; };
/* End PBXBuildFile section */

/* Begin PBXContainerItemProxy section */
		0DFE839229F02AC800E62715 /* PBXContainerItemProxy */ = {
			isa = PBXContainerItemProxy;
			containerPortal = 0DFE837329F02AC600E62715 /* Project object */;
			proxyType = 1;
			remoteGlobalIDString = 0DFE837A29F02AC600E62715;
			remoteInfo = RandomUser;
		};
		0DFE839C29F02AC800E62715 /* PBXContainerItemProxy */ = {
			isa = PBXContainerItemProxy;
			containerPortal = 0DFE837329F02AC600E62715 /* Project object */;
			proxyType = 1;
			remoteGlobalIDString = 0DFE837A29F02AC600E62715;
			remoteInfo = RandomUser;
		};
/* End PBXContainerItemProxy section */

/* Begin PBXFileReference section */
		0DFE837B29F02AC600E62715 /* RandomUser.app */ = {isa = PBXFileReference; explicitFileType = wrapper.application; includeInIndex = 0; path = RandomUser.app; sourceTree = BUILT_PRODUCTS_DIR; };
		0DFE837E29F02AC600E62715 /* AppDelegate.swift */ = {isa = PBXFileReference; lastKnownFileType = sourcecode.swift; path = AppDelegate.swift; sourceTree = "<group>"; };
		0DFE838029F02AC600E62715 /* SceneDelegate.swift */ = {isa = PBXFileReference; lastKnownFileType = sourcecode.swift; path = SceneDelegate.swift; sourceTree = "<group>"; };
		0DFE838229F02AC600E62715 /* ViewController.swift */ = {isa = PBXFileReference; lastKnownFileType = sourcecode.swift; path = ViewController.swift; sourceTree = "<group>"; };
		0DFE838529F02AC600E62715 /* Base */ = {isa = PBXFileReference; lastKnownFileType = file.storyboard; name = Base; path = Base.lproj/Main.storyboard; sourceTree = "<group>"; };
		0DFE838729F02AC700E62715 /* Assets.xcassets */ = {isa = PBXFileReference; lastKnownFileType = folder.assetcatalog; path = Assets.xcassets; sourceTree = "<group>"; };
		0DFE838A29F02AC700E62715 /* Base */ = {isa = PBXFileReference; lastKnownFileType = file.storyboard; name = Base; path = Base.lproj/LaunchScreen.storyboard; sourceTree = "<group>"; };
		0DFE838C29F02AC700E62715 /* Info.plist */ = {isa = PBXFileReference; lastKnownFileType = text.plist.xml; path = Info.plist; sourceTree = "<group>"; };
		0DFE839129F02AC800E62715 /* RandomUserTests.xctest */ = {isa = PBXFileReference; explicitFileType = wrapper.cfbundle; includeInIndex = 0; path = RandomUserTests.xctest; sourceTree = BUILT_PRODUCTS_DIR; };
		0DFE839529F02AC800E62715 /* RandomUserTests.swift */ = {isa = PBXFileReference; lastKnownFileType = sourcecode.swift; path = RandomUserTests.swift; sourceTree = "<group>"; };
		0DFE839B29F02AC800E62715 /* RandomUserUITests.xctest */ = {isa = PBXFileReference; explicitFileType = wrapper.cfbundle; includeInIndex = 0; path = RandomUserUITests.xctest; sourceTree = BUILT_PRODUCTS_DIR; };
		0DFE839F29F02AC800E62715 /* RandomUserUITests.swift */ = {isa = PBXFileReference; lastKnownFileType = sourcecode.swift; path = RandomUserUITests.swift; sourceTree = "<group>"; };
		0DFE83A129F02AC800E62715 /* RandomUserUITestsLaunchTests.swift */ = {isa = PBXFileReference; lastKnownFileType = sourcecode.swift; path = RandomUserUITestsLaunchTests.swift; sourceTree = "<group>"; };
/* End PBXFileReference section */

/* Begin PBXFrameworksBuildPhase section */
		0DFE837829F02AC600E62715 /* Frameworks */ = {
			isa = PBXFrameworksBuildPhase;
			buildActionMask = 2147483647;
			files = (
			);
			runOnlyForDeploymentPostprocessing = 0;
		};
		0DFE838E29F02AC800E62715 /* Frameworks */ = {
			isa = PBXFrameworksBuildPhase;
			buildActionMask = 2147483647;
			files = (
			);
			runOnlyForDeploymentPostprocessing = 0;
		};
		0DFE839829F02AC800E62715 /* Frameworks */ = {
			isa = PBXFrameworksBuildPhase;
			buildActionMask = 2147483647;
			files = (
			);
			runOnlyForDeploymentPostprocessing = 0;
		};
/* End PBXFrameworksBuildPhase section */

/* Begin PBXGroup section */
		0DFE837229F02AC600E62715 = {
			isa = PBXGroup;
			children = (
				0DFE837D29F02AC600E62715 /* RandomUser */,
				0DFE839429F02AC800E62715 /* RandomUserTests */,
				0DFE839E29F02AC800E62715 /* RandomUserUITests */,
				0DFE837C29F02AC600E62715 /* Products */,
			);
			sourceTree = "<group>";
		};
		0DFE837C29F02AC600E62715 /* Products */ = {
			isa = PBXGroup;
			children = (
				0DFE837B29F02AC600E62715 /* RandomUser.app */,
				0DFE839129F02AC800E62715 /* RandomUserTests.xctest */,
				0DFE839B29F02AC800E62715 /* RandomUserUITests.xctest */,
			);
			name = Products;
			sourceTree = "<group>";
		};
		0DFE837D29F02AC600E62715 /* RandomUser */ = {
			isa = PBXGroup;
			children = (
				0DFE837E29F02AC600E62715 /* AppDelegate.swift */,
				0DFE838029F02AC600E62715 /* SceneDelegate.swift */,
				0DFE838229F02AC600E62715 /* ViewController.swift */,
				0DFE838429F02AC600E62715 /* Main.storyboard */,
				0DFE838729F02AC700E62715 /* Assets.xcassets */,
				0DFE838929F02AC700E62715 /* LaunchScreen.storyboard */,
				0DFE838C29F02AC700E62715 /* Info.plist */,
			);
			path = RandomUser;
			sourceTree = "<group>";
		};
		0DFE839429F02AC800E62715 /* RandomUserTests */ = {
			isa = PBXGroup;
			children = (
				0DFE839529F02AC800E62715 /* RandomUserTests.swift */,
			);
			path = RandomUserTests;
			sourceTree = "<group>";
		};
		0DFE839E29F02AC800E62715 /* RandomUserUITests */ = {
			isa = PBXGroup;
			children = (
				0DFE839F29F02AC800E62715 /* RandomUserUITests.swift */,
				0DFE83A129F02AC800E62715 /* RandomUserUITestsLaunchTests.swift */,
			);
			path = RandomUserUITests;
			sourceTree = "<group>";
		};
/* End PBXGroup section */

/* Begin PBXNativeTarget section */
		0DFE837A29F02AC600E62715 /* RandomUser */ = {
			isa = PBXNativeTarget;
			buildConfigurationList = 0DFE83A529F02AC800E62715 /* Build configuration list for PBXNativeTarget "RandomUser" */;
			buildPhases = (
				0DFE837729F02AC600E62715 /* Sources */,
				0DFE837829F02AC600E62715 /* Frameworks */,
				0DFE837929F02AC600E62715 /* Resources */,
			);
			buildRules = (
			);
			dependencies = (
			);
			name = RandomUser;
			productName = RandomUser;
			productReference = 0DFE837B29F02AC600E62715 /* RandomUser.app */;
			productType = "com.apple.product-type.application";
		};
		0DFE839029F02AC800E62715 /* RandomUserTests */ = {
			isa = PBXNativeTarget;
			buildConfigurationList = 0DFE83A829F02AC800E62715 /* Build configuration list for PBXNativeTarget "RandomUserTests" */;
			buildPhases = (
				0DFE838D29F02AC800E62715 /* Sources */,
				0DFE838E29F02AC800E62715 /* Frameworks */,
				0DFE838F29F02AC800E62715 /* Resources */,
			);
			buildRules = (
			);
			dependencies = (
				0DFE839329F02AC800E62715 /* PBXTargetDependency */,
			);
			name = RandomUserTests;
			productName = RandomUserTests;
			productReference = 0DFE839129F02AC800E62715 /* RandomUserTests.xctest */;
			productType = "com.apple.product-type.bundle.unit-test";
		};
		0DFE839A29F02AC800E62715 /* RandomUserUITests */ = {
			isa = PBXNativeTarget;
			buildConfigurationList = 0DFE83AB29F02AC800E62715 /* Build configuration list for PBXNativeTarget "RandomUserUITests" */;
			buildPhases = (
				0DFE839729F02AC800E62715 /* Sources */,
				0DFE839829F02AC800E62715 /* Frameworks */,
				0DFE839929F02AC800E62715 /* Resources */,
			);
			buildRules = (
			);
			dependencies = (
				0DFE839D29F02AC800E62715 /* PBXTargetDependency */,
			);
			name = RandomUserUITests;
			productName = RandomUserUITests;
			productReference = 0DFE839B29F02AC800E62715 /* RandomUserUITests.xctest */;
			productType = "com.apple.product-type.bundle.ui-testing";
		};
/* End PBXNativeTarget section */

/* Begin PBXProject section */
		0DFE837329F02AC600E62715 /* Project object */ = {
			isa = PBXProject;
			attributes = {
				BuildIndependentTargetsInParallel = 1;
				LastSwiftUpdateCheck = 1420;
				LastUpgradeCheck = 1420;
				TargetAttributes = {
					0DFE837A29F02AC600E62715 = {
						CreatedOnToolsVersion = 14.2;
					};
					0DFE839029F02AC800E62715 = {
						CreatedOnToolsVersion = 14.2;
						TestTargetID = 0DFE837A29F02AC600E62715;
					};
					0DFE839A29F02AC800E62715 = {
						CreatedOnToolsVersion = 14.2;
						TestTargetID = 0DFE837A29F02AC600E62715;
					};
				};
			};
			buildConfigurationList = 0DFE837629F02AC600E62715 /* Build configuration list for PBXProject "RandomUser" */;
			compatibilityVersion = "Xcode 14.0";
			developmentRegion = en;
			hasScannedForEncodings = 0;
			knownRegions = (
				en,
				Base,
			);
			mainGroup = 0DFE837229F02AC600E62715;
			productRefGroup = 0DFE837C29F02AC600E62715 /* Products */;
			projectDirPath = "";
			projectRoot = "";
			targets = (
				0DFE837A29F02AC600E62715 /* RandomUser */,
				0DFE839029F02AC800E62715 /* RandomUserTests */,
				0DFE839A29F02AC800E62715 /* RandomUserUITests */,
			);
		};
/* End PBXProject section */

/* Begin PBXResourcesBuildPhase section */
		0DFE837929F02AC600E62715 /* Resources */ = {
			isa = PBXResourcesBuildPhase;
			buildActionMask = 2147483647;
			files = (
				0DFE838B29F02AC700E62715 /* LaunchScreen.storyboard in Resources */,
				0DFE838829F02AC700E62715 /* Assets.xcassets in Resources */,
				0DFE838629F02AC600E62715 /* Main.storyboard in Resources */,
			);
			runOnlyForDeploymentPostprocessing = 0;
		};
		0DFE838F29F02AC800E62715 /* Resources */ = {
			isa = PBXResourcesBuildPhase;
			buildActionMask = 2147483647;
			files = (
			);
			runOnlyForDeploymentPostprocessing = 0;
		};
		0DFE839929F02AC800E62715 /* Resources */ = {
			isa = PBXResourcesBuildPhase;
			buildActionMask = 2147483647;
			files = (
			);
			runOnlyForDeploymentPostprocessing = 0;
		};
/* End PBXResourcesBuildPhase section */

/* Begin PBXSourcesBuildPhase section */
		0DFE837729F02AC600E62715 /* Sources */ = {
			isa = PBXSourcesBuildPhase;
			buildActionMask = 2147483647;
			files = (
				0DFE838329F02AC600E62715 /* ViewController.swift in Sources */,
				0DFE837F29F02AC600E62715 /* AppDelegate.swift in Sources */,
				0DFE838129F02AC600E62715 /* SceneDelegate.swift in Sources */,
			);
			runOnlyForDeploymentPostprocessing = 0;
		};
		0DFE838D29F02AC800E62715 /* Sources */ = {
			isa = PBXSourcesBuildPhase;
			buildActionMask = 2147483647;
			files = (
				0DFE839629F02AC800E62715 /* RandomUserTests.swift in Sources */,
			);
			runOnlyForDeploymentPostprocessing = 0;
		};
		0DFE839729F02AC800E62715 /* Sources */ = {
			isa = PBXSourcesBuildPhase;
			buildActionMask = 2147483647;
			files = (
				0DFE83A229F02AC800E62715 /* RandomUserUITestsLaunchTests.swift in Sources */,
				0DFE83A029F02AC800E62715 /* RandomUserUITests.swift in Sources */,
			);
			runOnlyForDeploymentPostprocessing = 0;
		};
/* End PBXSourcesBuildPhase section */

/* Begin PBXTargetDependency section */
		0DFE839329F02AC800E62715 /* PBXTargetDependency */ = {
			isa = PBXTargetDependency;
			target = 0DFE837A29F02AC600E62715 /* RandomUser */;
			targetProxy = 0DFE839229F02AC800E62715 /* PBXContainerItemProxy */;
		};
		0DFE839D29F02AC800E62715 /* PBXTargetDependency */ = {
			isa = PBXTargetDependency;
			target = 0DFE837A29F02AC600E62715 /* RandomUser */;
			targetProxy = 0DFE839C29F02AC800E62715 /* PBXContainerItemProxy */;
		};
/* End PBXTargetDependency section */

/* Begin PBXVariantGroup section */
		0DFE838429F02AC600E62715 /* Main.storyboard */ = {
			isa = PBXVariantGroup;
			children = (
				0DFE838529F02AC600E62715 /* Base */,
			);
			name = Main.storyboard;
			sourceTree = "<group>";
		};
		0DFE838929F02AC700E62715 /* LaunchScreen.storyboard */ = {
			isa = PBXVariantGroup;
			children = (
				0DFE838A29F02AC700E62715 /* Base */,
			);
			name = LaunchScreen.storyboard;
			sourceTree = "<group>";
		};
/* End PBXVariantGroup section */

/* Begin XCBuildConfiguration section */
		0DFE83A329F02AC800E62715 /* Debug */ = {
			isa = XCBuildConfiguration;
			buildSettings = {
				ALWAYS_SEARCH_USER_PATHS = NO;
				CLANG_ANALYZER_NONNULL = YES;
				CLANG_ANALYZER_NUMBER_OBJECT_CONVERSION = YES_AGGRESSIVE;
				CLANG_CXX_LANGUAGE_STANDARD = "gnu++20";
				CLANG_ENABLE_MODULES = YES;
				CLANG_ENABLE_OBJC_ARC = YES;
				CLANG_ENABLE_OBJC_WEAK = YES;
				CLANG_WARN_BLOCK_CAPTURE_AUTORELEASING = YES;
				CLANG_WARN_BOOL_CONVERSION = YES;
				CLANG_WARN_COMMA = YES;
				CLANG_WARN_CONSTANT_CONVERSION = YES;
				CLANG_WARN_DEPRECATED_OBJC_IMPLEMENTATIONS = YES;
				CLANG_WARN_DIRECT_OBJC_ISA_USAGE = YES_ERROR;
				CLANG_WARN_DOCUMENTATION_COMMENTS = YES;
				CLANG_WARN_EMPTY_BODY = YES;
				CLANG_WARN_ENUM_CONVERSION = YES;
				CLANG_WARN_INFINITE_RECURSION = YES;
				CLANG_WARN_INT_CONVERSION = YES;
				CLANG_WARN_NON_LITERAL_NULL_CONVERSION = YES;
				CLANG_WARN_OBJC_IMPLICIT_RETAIN_SELF = YES;
				CLANG_WARN_OBJC_LITERAL_CONVERSION = YES;
				CLANG_WARN_OBJC_ROOT_CLASS = YES_ERROR;
				CLANG_WARN_QUOTED_INCLUDE_IN_FRAMEWORK_HEADER = YES;
				CLANG_WARN_RANGE_LOOP_ANALYSIS = YES;
				CLANG_WARN_STRICT_PROTOTYPES = YES;
				CLANG_WARN_SUSPICIOUS_MOVE = YES;
				CLANG_WARN_UNGUARDED_AVAILABILITY = YES_AGGRESSIVE;
				CLANG_WARN_UNREACHABLE_CODE = YES;
				CLANG_WARN__DUPLICATE_METHOD_MATCH = YES;
				COPY_PHASE_STRIP = NO;
				DEBUG_INFORMATION_FORMAT = dwarf;
				ENABLE_STRICT_OBJC_MSGSEND = YES;
				ENABLE_TESTABILITY = YES;
				GCC_C_LANGUAGE_STANDARD = gnu11;
				GCC_DYNAMIC_NO_PIC = NO;
				GCC_NO_COMMON_BLOCKS = YES;
				GCC_OPTIMIZATION_LEVEL = 0;
				GCC_PREPROCESSOR_DEFINITIONS = (
					"DEBUG=1",
					"$(inherited)",
				);
				GCC_WARN_64_TO_32_BIT_CONVERSION = YES;
				GCC_WARN_ABOUT_RETURN_TYPE = YES_ERROR;
				GCC_WARN_UNDECLARED_SELECTOR = YES;
				GCC_WARN_UNINITIALIZED_AUTOS = YES_AGGRESSIVE;
				GCC_WARN_UNUSED_FUNCTION = YES;
				GCC_WARN_UNUSED_VARIABLE = YES;
				IPHONEOS_DEPLOYMENT_TARGET = 16.2;
				MTL_ENABLE_DEBUG_INFO = INCLUDE_SOURCE;
				MTL_FAST_MATH = YES;
				ONLY_ACTIVE_ARCH = YES;
				SDKROOT = iphoneos;
				SWIFT_ACTIVE_COMPILATION_CONDITIONS = DEBUG;
				SWIFT_OPTIMIZATION_LEVEL = "-Onone";
			};
			name = Debug;
		};
		0DFE83A429F02AC800E62715 /* Release */ = {
			isa = XCBuildConfiguration;
			buildSettings = {
				ALWAYS_SEARCH_USER_PATHS = NO;
				CLANG_ANALYZER_NONNULL = YES;
				CLANG_ANALYZER_NUMBER_OBJECT_CONVERSION = YES_AGGRESSIVE;
				CLANG_CXX_LANGUAGE_STANDARD = "gnu++20";
				CLANG_ENABLE_MODULES = YES;
				CLANG_ENABLE_OBJC_ARC = YES;
				CLANG_ENABLE_OBJC_WEAK = YES;
				CLANG_WARN_BLOCK_CAPTURE_AUTORELEASING = YES;
				CLANG_WARN_BOOL_CONVERSION = YES;
				CLANG_WARN_COMMA = YES;
				CLANG_WARN_CONSTANT_CONVERSION = YES;
				CLANG_WARN_DEPRECATED_OBJC_IMPLEMENTATIONS = YES;
				CLANG_WARN_DIRECT_OBJC_ISA_USAGE = YES_ERROR;
				CLANG_WARN_DOCUMENTATION_COMMENTS = YES;
				CLANG_WARN_EMPTY_BODY = YES;
				CLANG_WARN_ENUM_CONVERSION = YES;
				CLANG_WARN_INFINITE_RECURSION = YES;
				CLANG_WARN_INT_CONVERSION = YES;
				CLANG_WARN_NON_LITERAL_NULL_CONVERSION = YES;
				CLANG_WARN_OBJC_IMPLICIT_RETAIN_SELF = YES;
				CLANG_WARN_OBJC_LITERAL_CONVERSION = YES;
				CLANG_WARN_OBJC_ROOT_CLASS = YES_ERROR;
				CLANG_WARN_QUOTED_INCLUDE_IN_FRAMEWORK_HEADER = YES;
				CLANG_WARN_RANGE_LOOP_ANALYSIS = YES;
				CLANG_WARN_STRICT_PROTOTYPES = YES;
				CLANG_WARN_SUSPICIOUS_MOVE = YES;
				CLANG_WARN_UNGUARDED_AVAILABILITY = YES_AGGRESSIVE;
				CLANG_WARN_UNREACHABLE_CODE = YES;
				CLANG_WARN__DUPLICATE_METHOD_MATCH = YES;
				COPY_PHASE_STRIP = NO;
				DEBUG_INFORMATION_FORMAT = "dwarf-with-dsym";
				ENABLE_NS_ASSERTIONS = NO;
				ENABLE_STRICT_OBJC_MSGSEND = YES;
				GCC_C_LANGUAGE_STANDARD = gnu11;
				GCC_NO_COMMON_BLOCKS = YES;
				GCC_WARN_64_TO_32_BIT_CONVERSION = YES;
				GCC_WARN_ABOUT_RETURN_TYPE = YES_ERROR;
				GCC_WARN_UNDECLARED_SELECTOR = YES;
				GCC_WARN_UNINITIALIZED_AUTOS = YES_AGGRESSIVE;
				GCC_WARN_UNUSED_FUNCTION = YES;
				GCC_WARN_UNUSED_VARIABLE = YES;
				IPHONEOS_DEPLOYMENT_TARGET = 16.2;
				MTL_ENABLE_DEBUG_INFO = NO;
				MTL_FAST_MATH = YES;
				SDKROOT = iphoneos;
				SWIFT_COMPILATION_MODE = wholemodule;
				SWIFT_OPTIMIZATION_LEVEL = "-O";
				VALIDATE_PRODUCT = YES;
			};
			name = Release;
		};
		0DFE83A629F02AC800E62715 /* Debug */ = {
			isa = XCBuildConfiguration;
			buildSettings = {
				ASSETCATALOG_COMPILER_APPICON_NAME = AppIcon;
				ASSETCATALOG_COMPILER_GLOBAL_ACCENT_COLOR_NAME = AccentColor;
				CODE_SIGN_STYLE = Automatic;
				CURRENT_PROJECT_VERSION = 1;
				DEVELOPMENT_TEAM = 3P9KGAPYFK;
				GENERATE_INFOPLIST_FILE = YES;
				INFOPLIST_FILE = RandomUser/Info.plist;
				INFOPLIST_KEY_UIApplicationSupportsIndirectInputEvents = YES;
				INFOPLIST_KEY_UILaunchStoryboardName = LaunchScreen;
				INFOPLIST_KEY_UIMainStoryboardFile = Main;
				INFOPLIST_KEY_UISupportedInterfaceOrientations_iPad = "UIInterfaceOrientationPortrait UIInterfaceOrientationPortraitUpsideDown UIInterfaceOrientationLandscapeLeft UIInterfaceOrientationLandscapeRight";
				INFOPLIST_KEY_UISupportedInterfaceOrientations_iPhone = "UIInterfaceOrientationPortrait UIInterfaceOrientationLandscapeLeft UIInterfaceOrientationLandscapeRight";
				LD_RUNPATH_SEARCH_PATHS = (
					"$(inherited)",
					"@executable_path/Frameworks",
				);
				MARKETING_VERSION = 1.0;
				PRODUCT_BUNDLE_IDENTIFIER = com.alexPermiakov.RandomUser;
				PRODUCT_NAME = "$(TARGET_NAME)";
				SWIFT_EMIT_LOC_STRINGS = YES;
				SWIFT_VERSION = 5.0;
				TARGETED_DEVICE_FAMILY = "1,2";
			};
			name = Debug;
		};
		0DFE83A729F02AC800E62715 /* Release */ = {
			isa = XCBuildConfiguration;
			buildSettings = {
				ASSETCATALOG_COMPILER_APPICON_NAME = AppIcon;
				ASSETCATALOG_COMPILER_GLOBAL_ACCENT_COLOR_NAME = AccentColor;
				CODE_SIGN_STYLE = Automatic;
				CURRENT_PROJECT_VERSION = 1;
				DEVELOPMENT_TEAM = 3P9KGAPYFK;
				GENERATE_INFOPLIST_FILE = YES;
				INFOPLIST_FILE = RandomUser/Info.plist;
				INFOPLIST_KEY_UIApplicationSupportsIndirectInputEvents = YES;
				INFOPLIST_KEY_UILaunchStoryboardName = LaunchScreen;
				INFOPLIST_KEY_UIMainStoryboardFile = Main;
				INFOPLIST_KEY_UISupportedInterfaceOrientations_iPad = "UIInterfaceOrientationPortrait UIInterfaceOrientationPortraitUpsideDown UIInterfaceOrientationLandscapeLeft UIInterfaceOrientationLandscapeRight";
				INFOPLIST_KEY_UISupportedInterfaceOrientations_iPhone = "UIInterfaceOrientationPortrait UIInterfaceOrientationLandscapeLeft UIInterfaceOrientationLandscapeRight";
				LD_RUNPATH_SEARCH_PATHS = (
					"$(inherited)",
					"@executable_path/Frameworks",
				);
				MARKETING_VERSION = 1.0;
				PRODUCT_BUNDLE_IDENTIFIER = com.alexPermiakov.RandomUser;
				PRODUCT_NAME = "$(TARGET_NAME)";
				SWIFT_EMIT_LOC_STRINGS = YES;
				SWIFT_VERSION = 5.0;
				TARGETED_DEVICE_FAMILY = "1,2";
			};
			name = Release;
		};
		0DFE83A929F02AC800E62715 /* Debug */ = {
			isa = XCBuildConfiguration;
			buildSettings = {
				ALWAYS_EMBED_SWIFT_STANDARD_LIBRARIES = YES;
				BUNDLE_LOADER = "$(TEST_HOST)";
				CODE_SIGN_STYLE = Automatic;
				CURRENT_PROJECT_VERSION = 1;
				DEVELOPMENT_TEAM = 3P9KGAPYFK;
				GENERATE_INFOPLIST_FILE = YES;
				IPHONEOS_DEPLOYMENT_TARGET = 16.2;
				MARKETING_VERSION = 1.0;
				PRODUCT_BUNDLE_IDENTIFIER = com.alexPermiakov.RandomUserTests;
				PRODUCT_NAME = "$(TARGET_NAME)";
				SWIFT_EMIT_LOC_STRINGS = NO;
				SWIFT_VERSION = 5.0;
				TARGETED_DEVICE_FAMILY = "1,2";
				TEST_HOST = "$(BUILT_PRODUCTS_DIR)/RandomUser.app/$(BUNDLE_EXECUTABLE_FOLDER_PATH)/RandomUser";
			};
			name = Debug;
		};
		0DFE83AA29F02AC800E62715 /* Release */ = {
			isa = XCBuildConfiguration;
			buildSettings = {
				ALWAYS_EMBED_SWIFT_STANDARD_LIBRARIES = YES;
				BUNDLE_LOADER = "$(TEST_HOST)";
				CODE_SIGN_STYLE = Automatic;
				CURRENT_PROJECT_VERSION = 1;
				DEVELOPMENT_TEAM = 3P9KGAPYFK;
				GENERATE_INFOPLIST_FILE = YES;
				IPHONEOS_DEPLOYMENT_TARGET = 16.2;
				MARKETING_VERSION = 1.0;
				PRODUCT_BUNDLE_IDENTIFIER = com.alexPermiakov.RandomUserTests;
				PRODUCT_NAME = "$(TARGET_NAME)";
				SWIFT_EMIT_LOC_STRINGS = NO;
				SWIFT_VERSION = 5.0;
				TARGETED_DEVICE_FAMILY = "1,2";
				TEST_HOST = "$(BUILT_PRODUCTS_DIR)/RandomUser.app/$(BUNDLE_EXECUTABLE_FOLDER_PATH)/RandomUser";
			};
			name = Release;
		};
		0DFE83AC29F02AC800E62715 /* Debug */ = {
			isa = XCBuildConfiguration;
			buildSettings = {
				ALWAYS_EMBED_SWIFT_STANDARD_LIBRARIES = YES;
				CODE_SIGN_STYLE = Automatic;
				CURRENT_PROJECT_VERSION = 1;
				DEVELOPMENT_TEAM = 3P9KGAPYFK;
				GENERATE_INFOPLIST_FILE = YES;
				MARKETING_VERSION = 1.0;
				PRODUCT_BUNDLE_IDENTIFIER = com.alexPermiakov.RandomUserUITests;
				PRODUCT_NAME = "$(TARGET_NAME)";
				SWIFT_EMIT_LOC_STRINGS = NO;
				SWIFT_VERSION = 5.0;
				TARGETED_DEVICE_FAMILY = "1,2";
				TEST_TARGET_NAME = RandomUser;
			};
			name = Debug;
		};
		0DFE83AD29F02AC800E62715 /* Release */ = {
			isa = XCBuildConfiguration;
			buildSettings = {
				ALWAYS_EMBED_SWIFT_STANDARD_LIBRARIES = YES;
				CODE_SIGN_STYLE = Automatic;
				CURRENT_PROJECT_VERSION = 1;
				DEVELOPMENT_TEAM = 3P9KGAPYFK;
				GENERATE_INFOPLIST_FILE = YES;
				MARKETING_VERSION = 1.0;
				PRODUCT_BUNDLE_IDENTIFIER = com.alexPermiakov.RandomUserUITests;
				PRODUCT_NAME = "$(TARGET_NAME)";
				SWIFT_EMIT_LOC_STRINGS = NO;
				SWIFT_VERSION = 5.0;
				TARGETED_DEVICE_FAMILY = "1,2";
				TEST_TARGET_NAME = RandomUser;
			};
			name = Release;
		};
/* End XCBuildConfiguration section */

/* Begin XCConfigurationList section */
		0DFE837629F02AC600E62715 /* Build configuration list for PBXProject "RandomUser" */ = {
			isa = XCConfigurationList;
			buildConfigurations = (
				0DFE83A329F02AC800E62715 /* Debug */,
				0DFE83A429F02AC800E62715 /* Release */,
			);
			defaultConfigurationIsVisible = 0;
			defaultConfigurationName = Release;
		};
		0DFE83A529F02AC800E62715 /* Build configuration list for PBXNativeTarget "RandomUser" */ = {
			isa = XCConfigurationList;
			buildConfigurations = (
				0DFE83A629F02AC800E62715 /* Debug */,
				0DFE83A729F02AC800E62715 /* Release */,
			);
			defaultConfigurationIsVisible = 0;
			defaultConfigurationName = Release;
		};
		0DFE83A829F02AC800E62715 /* Build configuration list for PBXNativeTarget "RandomUserTests" */ = {
			isa = XCConfigurationList;
			buildConfigurations = (
				0DFE83A929F02AC800E62715 /* Debug */,
				0DFE83AA29F02AC800E62715 /* Release */,
			);
			defaultConfigurationIsVisible = 0;
			defaultConfigurationName = Release;
		};
		0DFE83AB29F02AC800E62715 /* Build configuration list for PBXNativeTarget "RandomUserUITests" */ = {
			isa = XCConfigurationList;
			buildConfigurations = (
				0DFE83AC29F02AC800E62715 /* Debug */,
				0DFE83AD29F02AC800E62715 /* Release */,
			);
			defaultConfigurationIsVisible = 0;
			defaultConfigurationName = Release;
		};
/* End XCConfigurationList section */
	};
	rootObject = 0DFE837329F02AC600E62715 /* Project object */;
}
