// !$*UTF8*$!
{
	archiveVersion = 1;
	classes = {
	};
	objectVersion = 56;
	objects = {

/* Begin PBXBuildFile section */
		0D39BC2629FCF20900CCE235 /* ImageDownloader.swift in Sources */ = {isa = PBXBuildFile; fileRef = 0D39BC2529FCF20900CCE235 /* ImageDownloader.swift */; };
		0D7C791029F27E2C000CAE27 /* UITextField+Combine.swift in Sources */ = {isa = PBXBuildFile; fileRef = 0D7C790F29F27E2C000CAE27 /* UITextField+Combine.swift */; };
		0D7C791229F27EA2000CAE27 /* UITextField+Image.swift in Sources */ = {isa = PBXBuildFile; fileRef = 0D7C791129F27EA2000CAE27 /* UITextField+Image.swift */; };
		0D7C791429F27F6B000CAE27 /* UIButton+BackgroundColor.swift in Sources */ = {isa = PBXBuildFile; fileRef = 0D7C791329F27F6B000CAE27 /* UIButton+BackgroundColor.swift */; };
		0D7C791629F28090000CAE27 /* UIControl+Combine.swift in Sources */ = {isa = PBXBuildFile; fileRef = 0D7C791529F28090000CAE27 /* UIControl+Combine.swift */; };
		0D7C791829F2825A000CAE27 /* Combine+WithLatestFrom.swift in Sources */ = {isa = PBXBuildFile; fileRef = 0D7C791729F2825A000CAE27 /* Combine+WithLatestFrom.swift */; };
		0D7C791A29F2AA0D000CAE27 /* PresentationModels.swift in Sources */ = {isa = PBXBuildFile; fileRef = 0D7C791929F2AA0D000CAE27 /* PresentationModels.swift */; };
		0D7C791C29F2AA3A000CAE27 /* AppConstants.swift in Sources */ = {isa = PBXBuildFile; fileRef = 0D7C791B29F2AA3A000CAE27 /* AppConstants.swift */; };
		0D7C791E29F2AC72000CAE27 /* LoginViewPresentationObject.swift in Sources */ = {isa = PBXBuildFile; fileRef = 0D7C791D29F2AC72000CAE27 /* LoginViewPresentationObject.swift */; };
		0D7C792029F2AD29000CAE27 /* CredentialValidator.swift in Sources */ = {isa = PBXBuildFile; fileRef = 0D7C791F29F2AD29000CAE27 /* CredentialValidator.swift */; };
		0D7C792229F2B113000CAE27 /* AuthService.swift in Sources */ = {isa = PBXBuildFile; fileRef = 0D7C792129F2B113000CAE27 /* AuthService.swift */; };
		0D92E1D529F2D53100FACDFC /* AppCoordinator.swift in Sources */ = {isa = PBXBuildFile; fileRef = 0D92E1D429F2D53100FACDFC /* AppCoordinator.swift */; };
		0D92E1D729F2D56000FACDFC /* Router.swift in Sources */ = {isa = PBXBuildFile; fileRef = 0D92E1D629F2D56000FACDFC /* Router.swift */; };
		0D92E1DA29F3BC1300FACDFC /* LoginVCCoordinator.swift in Sources */ = {isa = PBXBuildFile; fileRef = 0D92E1D929F3BC1300FACDFC /* LoginVCCoordinator.swift */; };
		0D92E1E029F3BCCE00FACDFC /* Persistence.swift in Sources */ = {isa = PBXBuildFile; fileRef = 0D92E1DF29F3BCCE00FACDFC /* Persistence.swift */; };
		0D92E1E229F3BD1000FACDFC /* UserDefaultPersister.swift in Sources */ = {isa = PBXBuildFile; fileRef = 0D92E1E129F3BD1000FACDFC /* UserDefaultPersister.swift */; };
		0D92E1E429F3BD5000FACDFC /* Credentials.swift in Sources */ = {isa = PBXBuildFile; fileRef = 0D92E1E329F3BD5000FACDFC /* Credentials.swift */; };
		0D92E1E729F4209200FACDFC /* UserVCCoordinator.swift in Sources */ = {isa = PBXBuildFile; fileRef = 0D92E1E629F4209200FACDFC /* UserVCCoordinator.swift */; };
		0D92E1E929F4224F00FACDFC /* NetworkService.swift in Sources */ = {isa = PBXBuildFile; fileRef = 0D92E1E829F4224F00FACDFC /* NetworkService.swift */; };
		0D92E1EB29F4280700FACDFC /* DefaultNetworkService.swift in Sources */ = {isa = PBXBuildFile; fileRef = 0D92E1EA29F4280700FACDFC /* DefaultNetworkService.swift */; };
		0D92E1ED29F4437F00FACDFC /* UserVCViewModel.swift in Sources */ = {isa = PBXBuildFile; fileRef = 0D92E1EC29F4437F00FACDFC /* UserVCViewModel.swift */; };
		0D92E1F429F5268F00FACDFC /* Kingfisher in Frameworks */ = {isa = PBXBuildFile; productRef = 0D92E1F329F5268F00FACDFC /* Kingfisher */; };
		0DFE837F29F02AC600E62715 /* AppDelegate.swift in Sources */ = {isa = PBXBuildFile; fileRef = 0DFE837E29F02AC600E62715 /* AppDelegate.swift */; };
		0DFE838129F02AC600E62715 /* SceneDelegate.swift in Sources */ = {isa = PBXBuildFile; fileRef = 0DFE838029F02AC600E62715 /* SceneDelegate.swift */; };
		0DFE838329F02AC600E62715 /* UserViewController.swift in Sources */ = {isa = PBXBuildFile; fileRef = 0DFE838229F02AC600E62715 /* UserViewController.swift */; };
		0DFE838829F02AC700E62715 /* Assets.xcassets in Resources */ = {isa = PBXBuildFile; fileRef = 0DFE838729F02AC700E62715 /* Assets.xcassets */; };
		0DFE838B29F02AC700E62715 /* LaunchScreen.storyboard in Resources */ = {isa = PBXBuildFile; fileRef = 0DFE838929F02AC700E62715 /* LaunchScreen.storyboard */; };
		0DFE839629F02AC800E62715 /* RandomUserTests.swift in Sources */ = {isa = PBXBuildFile; fileRef = 0DFE839529F02AC800E62715 /* RandomUserTests.swift */; };
		0DFE83A029F02AC800E62715 /* RandomUserUITests.swift in Sources */ = {isa = PBXBuildFile; fileRef = 0DFE839F29F02AC800E62715 /* RandomUserUITests.swift */; };
		0DFE83A229F02AC800E62715 /* RandomUserUITestsLaunchTests.swift in Sources */ = {isa = PBXBuildFile; fileRef = 0DFE83A129F02AC800E62715 /* RandomUserUITestsLaunchTests.swift */; };
		0DFE83AF29F02B1000E62715 /* UserModel.swift in Sources */ = {isa = PBXBuildFile; fileRef = 0DFE83AE29F02B1000E62715 /* UserModel.swift */; };
		0DFE83B129F02B8000E62715 /* LoginViewController.swift in Sources */ = {isa = PBXBuildFile; fileRef = 0DFE83B029F02B8000E62715 /* LoginViewController.swift */; };
		0DFE83B329F02BA000E62715 /* LoginViewModel.swift in Sources */ = {isa = PBXBuildFile; fileRef = 0DFE83B229F02BA000E62715 /* LoginViewModel.swift */; };
/* End PBXBuildFile section */

/* Begin PBXContainerItemProxy section */
		0DFE839229F02AC800E62715 /* PBXContainerItemProxy */ = {
			isa = PBXContainerItemProxy;
			containerPortal = 0DFE837329F02AC600E62715 /* Project object */;
			proxyType = 1;
			remoteGlobalIDString = 0DFE837A29F02AC600E62715;
			remoteInfo = RandomUser;
		};
		0DFE839C29F02AC800E62715 /* PBXContainerItemProxy */ = {
			isa = PBXContainerItemProxy;
			containerPortal = 0DFE837329F02AC600E62715 /* Project object */;
			proxyType = 1;
			remoteGlobalIDString = 0DFE837A29F02AC600E62715;
			remoteInfo = RandomUser;
		};
/* End PBXContainerItemProxy section */

/* Begin PBXFileReference section */
		0D39BC2529FCF20900CCE235 /* ImageDownloader.swift */ = {isa = PBXFileReference; lastKnownFileType = sourcecode.swift; path = ImageDownloader.swift; sourceTree = "<group>"; };
		0D7C790F29F27E2C000CAE27 /* UITextField+Combine.swift */ = {isa = PBXFileReference; lastKnownFileType = sourcecode.swift; path = "UITextField+Combine.swift"; sourceTree = "<group>"; };
		0D7C791129F27EA2000CAE27 /* UITextField+Image.swift */ = {isa = PBXFileReference; lastKnownFileType = sourcecode.swift; path = "UITextField+Image.swift"; sourceTree = "<group>"; };
		0D7C791329F27F6B000CAE27 /* UIButton+BackgroundColor.swift */ = {isa = PBXFileReference; lastKnownFileType = sourcecode.swift; path = "UIButton+BackgroundColor.swift"; sourceTree = "<group>"; };
		0D7C791529F28090000CAE27 /* UIControl+Combine.swift */ = {isa = PBXFileReference; lastKnownFileType = sourcecode.swift; path = "UIControl+Combine.swift"; sourceTree = "<group>"; };
		0D7C791729F2825A000CAE27 /* Combine+WithLatestFrom.swift */ = {isa = PBXFileReference; lastKnownFileType = sourcecode.swift; path = "Combine+WithLatestFrom.swift"; sourceTree = "<group>"; };
		0D7C791929F2AA0D000CAE27 /* PresentationModels.swift */ = {isa = PBXFileReference; lastKnownFileType = sourcecode.swift; path = PresentationModels.swift; sourceTree = "<group>"; };
		0D7C791B29F2AA3A000CAE27 /* AppConstants.swift */ = {isa = PBXFileReference; lastKnownFileType = sourcecode.swift; path = AppConstants.swift; sourceTree = "<group>"; };
		0D7C791D29F2AC72000CAE27 /* LoginViewPresentationObject.swift */ = {isa = PBXFileReference; lastKnownFileType = sourcecode.swift; path = LoginViewPresentationObject.swift; sourceTree = "<group>"; };
		0D7C791F29F2AD29000CAE27 /* CredentialValidator.swift */ = {isa = PBXFileReference; lastKnownFileType = sourcecode.swift; path = CredentialValidator.swift; sourceTree = "<group>"; };
		0D7C792129F2B113000CAE27 /* AuthService.swift */ = {isa = PBXFileReference; lastKnownFileType = sourcecode.swift; path = AuthService.swift; sourceTree = "<group>"; };
		0D92E1D429F2D53100FACDFC /* AppCoordinator.swift */ = {isa = PBXFileReference; lastKnownFileType = sourcecode.swift; path = AppCoordinator.swift; sourceTree = "<group>"; };
		0D92E1D629F2D56000FACDFC /* Router.swift */ = {isa = PBXFileReference; lastKnownFileType = sourcecode.swift; path = Router.swift; sourceTree = "<group>"; };
		0D92E1D929F3BC1300FACDFC /* LoginVCCoordinator.swift */ = {isa = PBXFileReference; lastKnownFileType = sourcecode.swift; path = LoginVCCoordinator.swift; sourceTree = "<group>"; };
		0D92E1DF29F3BCCE00FACDFC /* Persistence.swift */ = {isa = PBXFileReference; lastKnownFileType = sourcecode.swift; path = Persistence.swift; sourceTree = "<group>"; };
		0D92E1E129F3BD1000FACDFC /* UserDefaultPersister.swift */ = {isa = PBXFileReference; lastKnownFileType = sourcecode.swift; path = UserDefaultPersister.swift; sourceTree = "<group>"; };
		0D92E1E329F3BD5000FACDFC /* Credentials.swift */ = {isa = PBXFileReference; lastKnownFileType = sourcecode.swift; path = Credentials.swift; sourceTree = "<group>"; };
		0D92E1E629F4209200FACDFC /* UserVCCoordinator.swift */ = {isa = PBXFileReference; lastKnownFileType = sourcecode.swift; path = UserVCCoordinator.swift; sourceTree = "<group>"; };
		0D92E1E829F4224F00FACDFC /* NetworkService.swift */ = {isa = PBXFileReference; lastKnownFileType = sourcecode.swift; path = NetworkService.swift; sourceTree = "<group>"; };
		0D92E1EA29F4280700FACDFC /* DefaultNetworkService.swift */ = {isa = PBXFileReference; lastKnownFileType = sourcecode.swift; path = DefaultNetworkService.swift; sourceTree = "<group>"; };
		0D92E1EC29F4437F00FACDFC /* UserVCViewModel.swift */ = {isa = PBXFileReference; lastKnownFileType = sourcecode.swift; path = UserVCViewModel.swift; sourceTree = "<group>"; };
		0DFE837B29F02AC600E62715 /* RandomUser.app */ = {isa = PBXFileReference; explicitFileType = wrapper.application; includeInIndex = 0; path = RandomUser.app; sourceTree = BUILT_PRODUCTS_DIR; };
		0DFE837E29F02AC600E62715 /* AppDelegate.swift */ = {isa = PBXFileReference; lastKnownFileType = sourcecode.swift; path = AppDelegate.swift; sourceTree = "<group>"; };
		0DFE838029F02AC600E62715 /* SceneDelegate.swift */ = {isa = PBXFileReference; lastKnownFileType = sourcecode.swift; path = SceneDelegate.swift; sourceTree = "<group>"; };
		0DFE838229F02AC600E62715 /* UserViewController.swift */ = {isa = PBXFileReference; lastKnownFileType = sourcecode.swift; path = UserViewController.swift; sourceTree = "<group>"; };
		0DFE838729F02AC700E62715 /* Assets.xcassets */ = {isa = PBXFileReference; lastKnownFileType = folder.assetcatalog; path = Assets.xcassets; sourceTree = "<group>"; };
		0DFE838A29F02AC700E62715 /* Base */ = {isa = PBXFileReference; lastKnownFileType = file.storyboard; name = Base; path = Base.lproj/LaunchScreen.storyboard; sourceTree = "<group>"; };
		0DFE838C29F02AC700E62715 /* Info.plist */ = {isa = PBXFileReference; lastKnownFileType = text.plist.xml; path = Info.plist; sourceTree = "<group>"; };
		0DFE839129F02AC800E62715 /* RandomUserTests.xctest */ = {isa = PBXFileReference; explicitFileType = wrapper.cfbundle; includeInIndex = 0; path = RandomUserTests.xctest; sourceTree = BUILT_PRODUCTS_DIR; };
		0DFE839529F02AC800E62715 /* RandomUserTests.swift */ = {isa = PBXFileReference; lastKnownFileType = sourcecode.swift; path = RandomUserTests.swift; sourceTree = "<group>"; };
		0DFE839B29F02AC800E62715 /* RandomUserUITests.xctest */ = {isa = PBXFileReference; explicitFileType = wrapper.cfbundle; includeInIndex = 0; path = RandomUserUITests.xctest; sourceTree = BUILT_PRODUCTS_DIR; };
		0DFE839F29F02AC800E62715 /* RandomUserUITests.swift */ = {isa = PBXFileReference; lastKnownFileType = sourcecode.swift; path = RandomUserUITests.swift; sourceTree = "<group>"; };
		0DFE83A129F02AC800E62715 /* RandomUserUITestsLaunchTests.swift */ = {isa = PBXFileReference; lastKnownFileType = sourcecode.swift; path = RandomUserUITestsLaunchTests.swift; sourceTree = "<group>"; };
		0DFE83AE29F02B1000E62715 /* UserModel.swift */ = {isa = PBXFileReference; lastKnownFileType = sourcecode.swift; path = UserModel.swift; sourceTree = "<group>"; };
		0DFE83B029F02B8000E62715 /* LoginViewController.swift */ = {isa = PBXFileReference; lastKnownFileType = sourcecode.swift; path = LoginViewController.swift; sourceTree = "<group>"; };
		0DFE83B229F02BA000E62715 /* LoginViewModel.swift */ = {isa = PBXFileReference; lastKnownFileType = sourcecode.swift; path = LoginViewModel.swift; sourceTree = "<group>"; };
/* End PBXFileReference section */

/* Begin PBXFrameworksBuildPhase section */
		0DFE837829F02AC600E62715 /* Frameworks */ = {
			isa = PBXFrameworksBuildPhase;
			buildActionMask = 2147483647;
			files = (
				0D92E1F429F5268F00FACDFC /* Kingfisher in Frameworks */,
			);
			runOnlyForDeploymentPostprocessing = 0;
		};
		0DFE838E29F02AC800E62715 /* Frameworks */ = {
			isa = PBXFrameworksBuildPhase;
			buildActionMask = 2147483647;
			files = (
			);
			runOnlyForDeploymentPostprocessing = 0;
		};
		0DFE839829F02AC800E62715 /* Frameworks */ = {
			isa = PBXFrameworksBuildPhase;
			buildActionMask = 2147483647;
			files = (
			);
			runOnlyForDeploymentPostprocessing = 0;
		};
/* End PBXFrameworksBuildPhase section */

/* Begin PBXGroup section */
		0D7C790E29F27E04000CAE27 /* Helpers */ = {
			isa = PBXGroup;
			children = (
				0D7C790F29F27E2C000CAE27 /* UITextField+Combine.swift */,
				0D7C791529F28090000CAE27 /* UIControl+Combine.swift */,
				0D7C791729F2825A000CAE27 /* Combine+WithLatestFrom.swift */,
				0D7C791129F27EA2000CAE27 /* UITextField+Image.swift */,
				0D7C791329F27F6B000CAE27 /* UIButton+BackgroundColor.swift */,
			);
			path = Helpers;
			sourceTree = "<group>";
		};
		0D92E1D829F3BBCC00FACDFC /* Application */ = {
			isa = PBXGroup;
			children = (
				0DFE837E29F02AC600E62715 /* AppDelegate.swift */,
				0DFE838029F02AC600E62715 /* SceneDelegate.swift */,
				0D92E1D429F2D53100FACDFC /* AppCoordinator.swift */,
			);
			path = Application;
			sourceTree = "<group>";
		};
		0D92E1DB29F3BC4A00FACDFC /* Router */ = {
			isa = PBXGroup;
			children = (
				0D92E1D629F2D56000FACDFC /* Router.swift */,
			);
			path = Router;
			sourceTree = "<group>";
		};
		0D92E1DC29F3BC7000FACDFC /* Models */ = {
			isa = PBXGroup;
			children = (
				0DFE83AE29F02B1000E62715 /* UserModel.swift */,
				0D7C791929F2AA0D000CAE27 /* PresentationModels.swift */,
				0D92E1E329F3BD5000FACDFC /* Credentials.swift */,
			);
			path = Models;
			sourceTree = "<group>";
		};
		0D92E1DD29F3BC9000FACDFC /* AppConstants */ = {
			isa = PBXGroup;
			children = (
				0D7C791B29F2AA3A000CAE27 /* AppConstants.swift */,
			);
			path = AppConstants;
			sourceTree = "<group>";
		};
		0D92E1DE29F3BCA900FACDFC /* Services */ = {
			isa = PBXGroup;
			children = (
				0D7C792129F2B113000CAE27 /* AuthService.swift */,
				0D7C791F29F2AD29000CAE27 /* CredentialValidator.swift */,
				0D92E1EA29F4280700FACDFC /* DefaultNetworkService.swift */,
				0D92E1E829F4224F00FACDFC /* NetworkService.swift */,
				0D92E1DF29F3BCCE00FACDFC /* Persistence.swift */,
				0D92E1E129F3BD1000FACDFC /* UserDefaultPersister.swift */,
				0D39BC2529FCF20900CCE235 /* ImageDownloader.swift */,
			);
			name = Services;
			sourceTree = "<group>";
		};
		0D92E1E529F41AD100FACDFC /* UserVC */ = {
			isa = PBXGroup;
			children = (
				0DFE838229F02AC600E62715 /* UserViewController.swift */,
				0D92E1EC29F4437F00FACDFC /* UserVCViewModel.swift */,
				0D92E1E629F4209200FACDFC /* UserVCCoordinator.swift */,
			);
			path = UserVC;
			sourceTree = "<group>";
		};
		0DFE837229F02AC600E62715 = {
			isa = PBXGroup;
			children = (
				0DFE837D29F02AC600E62715 /* RandomUser */,
				0DFE839429F02AC800E62715 /* RandomUserTests */,
				0DFE839E29F02AC800E62715 /* RandomUserUITests */,
				0DFE837C29F02AC600E62715 /* Products */,
			);
			sourceTree = "<group>";
		};
		0DFE837C29F02AC600E62715 /* Products */ = {
			isa = PBXGroup;
			children = (
				0DFE837B29F02AC600E62715 /* RandomUser.app */,
				0DFE839129F02AC800E62715 /* RandomUserTests.xctest */,
				0DFE839B29F02AC800E62715 /* RandomUserUITests.xctest */,
			);
			name = Products;
			sourceTree = "<group>";
		};
		0DFE837D29F02AC600E62715 /* RandomUser */ = {
			isa = PBXGroup;
			children = (
				0D92E1D829F3BBCC00FACDFC /* Application */,
				0D92E1DB29F3BC4A00FACDFC /* Router */,
				0D92E1DC29F3BC7000FACDFC /* Models */,
				0D92E1DD29F3BC9000FACDFC /* AppConstants */,
				0D92E1DE29F3BCA900FACDFC /* Services */,
				0D7C790E29F27E04000CAE27 /* Helpers */,
				0DFE83B429F02BBA00E62715 /* LoginVC */,
				0D92E1E529F41AD100FACDFC /* UserVC */,
				0DFE838729F02AC700E62715 /* Assets.xcassets */,
				0DFE838929F02AC700E62715 /* LaunchScreen.storyboard */,
				0DFE838C29F02AC700E62715 /* Info.plist */,
			);
			path = RandomUser;
			sourceTree = "<group>";
		};
		0DFE839429F02AC800E62715 /* RandomUserTests */ = {
			isa = PBXGroup;
			children = (
				0DFE839529F02AC800E62715 /* RandomUserTests.swift */,
			);
			path = RandomUserTests;
			sourceTree = "<group>";
		};
		0DFE839E29F02AC800E62715 /* RandomUserUITests */ = {
			isa = PBXGroup;
			children = (
				0DFE839F29F02AC800E62715 /* RandomUserUITests.swift */,
				0DFE83A129F02AC800E62715 /* RandomUserUITestsLaunchTests.swift */,
			);
			path = RandomUserUITests;
			sourceTree = "<group>";
		};
		0DFE83B429F02BBA00E62715 /* LoginVC */ = {
			isa = PBXGroup;
			children = (
				0DFE83B029F02B8000E62715 /* LoginViewController.swift */,
				0DFE83B229F02BA000E62715 /* LoginViewModel.swift */,
				0D7C791D29F2AC72000CAE27 /* LoginViewPresentationObject.swift */,
				0D92E1D929F3BC1300FACDFC /* LoginVCCoordinator.swift */,
			);
			path = LoginVC;
			sourceTree = "<group>";
		};
/* End PBXGroup section */

/* Begin PBXNativeTarget section */
		0DFE837A29F02AC600E62715 /* RandomUser */ = {
			isa = PBXNativeTarget;
			buildConfigurationList = 0DFE83A529F02AC800E62715 /* Build configuration list for PBXNativeTarget "RandomUser" */;
			buildPhases = (
				0DFE837729F02AC600E62715 /* Sources */,
				0DFE837829F02AC600E62715 /* Frameworks */,
				0DFE837929F02AC600E62715 /* Resources */,
			);
			buildRules = (
			);
			dependencies = (
			);
			name = RandomUser;
			packageProductDependencies = (
				0D92E1F329F5268F00FACDFC /* Kingfisher */,
			);
			productName = RandomUser;
			productReference = 0DFE837B29F02AC600E62715 /* RandomUser.app */;
			productType = "com.apple.product-type.application";
		};
		0DFE839029F02AC800E62715 /* RandomUserTests */ = {
			isa = PBXNativeTarget;
			buildConfigurationList = 0DFE83A829F02AC800E62715 /* Build configuration list for PBXNativeTarget "RandomUserTests" */;
			buildPhases = (
				0DFE838D29F02AC800E62715 /* Sources */,
				0DFE838E29F02AC800E62715 /* Frameworks */,
				0DFE838F29F02AC800E62715 /* Resources */,
			);
			buildRules = (
			);
			dependencies = (
				0DFE839329F02AC800E62715 /* PBXTargetDependency */,
			);
			name = RandomUserTests;
			productName = RandomUserTests;
			productReference = 0DFE839129F02AC800E62715 /* RandomUserTests.xctest */;
			productType = "com.apple.product-type.bundle.unit-test";
		};
		0DFE839A29F02AC800E62715 /* RandomUserUITests */ = {
			isa = PBXNativeTarget;
			buildConfigurationList = 0DFE83AB29F02AC800E62715 /* Build configuration list for PBXNativeTarget "RandomUserUITests" */;
			buildPhases = (
				0DFE839729F02AC800E62715 /* Sources */,
				0DFE839829F02AC800E62715 /* Frameworks */,
				0DFE839929F02AC800E62715 /* Resources */,
			);
			buildRules = (
			);
			dependencies = (
				0DFE839D29F02AC800E62715 /* PBXTargetDependency */,
			);
			name = RandomUserUITests;
			productName = RandomUserUITests;
			productReference = 0DFE839B29F02AC800E62715 /* RandomUserUITests.xctest */;
			productType = "com.apple.product-type.bundle.ui-testing";
		};
/* End PBXNativeTarget section */

/* Begin PBXProject section */
		0DFE837329F02AC600E62715 /* Project object */ = {
			isa = PBXProject;
			attributes = {
				BuildIndependentTargetsInParallel = 1;
				LastSwiftUpdateCheck = 1420;
				LastUpgradeCheck = 1420;
				TargetAttributes = {
					0DFE837A29F02AC600E62715 = {
						CreatedOnToolsVersion = 14.2;
					};
					0DFE839029F02AC800E62715 = {
						CreatedOnToolsVersion = 14.2;
						TestTargetID = 0DFE837A29F02AC600E62715;
					};
					0DFE839A29F02AC800E62715 = {
						CreatedOnToolsVersion = 14.2;
						TestTargetID = 0DFE837A29F02AC600E62715;
					};
				};
			};
			buildConfigurationList = 0DFE837629F02AC600E62715 /* Build configuration list for PBXProject "RandomUser" */;
			compatibilityVersion = "Xcode 14.0";
			developmentRegion = en;
			hasScannedForEncodings = 0;
			knownRegions = (
				en,
				Base,
			);
			mainGroup = 0DFE837229F02AC600E62715;
			packageReferences = (
				0D92E1F229F5268F00FACDFC /* XCRemoteSwiftPackageReference "Kingfisher" */,
			);
			productRefGroup = 0DFE837C29F02AC600E62715 /* Products */;
			projectDirPath = "";
			projectRoot = "";
			targets = (
				0DFE837A29F02AC600E62715 /* RandomUser */,
				0DFE839029F02AC800E62715 /* RandomUserTests */,
				0DFE839A29F02AC800E62715 /* RandomUserUITests */,
			);
		};
/* End PBXProject section */

/* Begin PBXResourcesBuildPhase section */
		0DFE837929F02AC600E62715 /* Resources */ = {
			isa = PBXResourcesBuildPhase;
			buildActionMask = 2147483647;
			files = (
				0DFE838B29F02AC700E62715 /* LaunchScreen.storyboard in Resources */,
				0DFE838829F02AC700E62715 /* Assets.xcassets in Resources */,
			);
			runOnlyForDeploymentPostprocessing = 0;
		};
		0DFE838F29F02AC800E62715 /* Resources */ = {
			isa = PBXResourcesBuildPhase;
			buildActionMask = 2147483647;
			files = (
			);
			runOnlyForDeploymentPostprocessing = 0;
		};
		0DFE839929F02AC800E62715 /* Resources */ = {
			isa = PBXResourcesBuildPhase;
			buildActionMask = 2147483647;
			files = (
			);
			runOnlyForDeploymentPostprocessing = 0;
		};
/* End PBXResourcesBuildPhase section */

/* Begin PBXSourcesBuildPhase section */
		0DFE837729F02AC600E62715 /* Sources */ = {
			isa = PBXSourcesBuildPhase;
			buildActionMask = 2147483647;
			files = (
				0D7C792029F2AD29000CAE27 /* CredentialValidator.swift in Sources */,
				0DFE838329F02AC600E62715 /* UserViewController.swift in Sources */,
				0D7C791E29F2AC72000CAE27 /* LoginViewPresentationObject.swift in Sources */,
				0DFE837F29F02AC600E62715 /* AppDelegate.swift in Sources */,
				0D92E1D729F2D56000FACDFC /* Router.swift in Sources */,
				0D92E1DA29F3BC1300FACDFC /* LoginVCCoordinator.swift in Sources */,
				0D7C791429F27F6B000CAE27 /* UIButton+BackgroundColor.swift in Sources */,
				0D7C791629F28090000CAE27 /* UIControl+Combine.swift in Sources */,
				0DFE83B329F02BA000E62715 /* LoginViewModel.swift in Sources */,
				0D92E1E029F3BCCE00FACDFC /* Persistence.swift in Sources */,
				0D92E1E929F4224F00FACDFC /* NetworkService.swift in Sources */,
				0D7C791829F2825A000CAE27 /* Combine+WithLatestFrom.swift in Sources */,
				0DFE83AF29F02B1000E62715 /* UserModel.swift in Sources */,
				0D7C791A29F2AA0D000CAE27 /* PresentationModels.swift in Sources */,
				0D7C791029F27E2C000CAE27 /* UITextField+Combine.swift in Sources */,
				0D92E1E429F3BD5000FACDFC /* Credentials.swift in Sources */,
				0D39BC2629FCF20900CCE235 /* ImageDownloader.swift in Sources */,
				0D92E1D529F2D53100FACDFC /* AppCoordinator.swift in Sources */,
				0DFE83B129F02B8000E62715 /* LoginViewController.swift in Sources */,
				0D7C791C29F2AA3A000CAE27 /* AppConstants.swift in Sources */,
				0D92E1EB29F4280700FACDFC /* DefaultNetworkService.swift in Sources */,
				0DFE838129F02AC600E62715 /* SceneDelegate.swift in Sources */,
				0D7C791229F27EA2000CAE27 /* UITextField+Image.swift in Sources */,
				0D92E1ED29F4437F00FACDFC /* UserVCViewModel.swift in Sources */,
				0D92E1E729F4209200FACDFC /* UserVCCoordinator.swift in Sources */,
				0D7C792229F2B113000CAE27 /* AuthService.swift in Sources */,
				0D92E1E229F3BD1000FACDFC /* UserDefaultPersister.swift in Sources */,
			);
			runOnlyForDeploymentPostprocessing = 0;
		};
		0DFE838D29F02AC800E62715 /* Sources */ = {
			isa = PBXSourcesBuildPhase;
			buildActionMask = 2147483647;
			files = (
				0DFE839629F02AC800E62715 /* RandomUserTests.swift in Sources */,
			);
			runOnlyForDeploymentPostprocessing = 0;
		};
		0DFE839729F02AC800E62715 /* Sources */ = {
			isa = PBXSourcesBuildPhase;
			buildActionMask = 2147483647;
			files = (
				0DFE83A229F02AC800E62715 /* RandomUserUITestsLaunchTests.swift in Sources */,
				0DFE83A029F02AC800E62715 /* RandomUserUITests.swift in Sources */,
			);
			runOnlyForDeploymentPostprocessing = 0;
		};
/* End PBXSourcesBuildPhase section */

/* Begin PBXTargetDependency section */
		0DFE839329F02AC800E62715 /* PBXTargetDependency */ = {
			isa = PBXTargetDependency;
			target = 0DFE837A29F02AC600E62715 /* RandomUser */;
			targetProxy = 0DFE839229F02AC800E62715 /* PBXContainerItemProxy */;
		};
		0DFE839D29F02AC800E62715 /* PBXTargetDependency */ = {
			isa = PBXTargetDependency;
			target = 0DFE837A29F02AC600E62715 /* RandomUser */;
			targetProxy = 0DFE839C29F02AC800E62715 /* PBXContainerItemProxy */;
		};
/* End PBXTargetDependency section */

/* Begin PBXVariantGroup section */
		0DFE838929F02AC700E62715 /* LaunchScreen.storyboard */ = {
			isa = PBXVariantGroup;
			children = (
				0DFE838A29F02AC700E62715 /* Base */,
			);
			name = LaunchScreen.storyboard;
			sourceTree = "<group>";
		};
/* End PBXVariantGroup section */

/* Begin XCBuildConfiguration section */
		0DFE83A329F02AC800E62715 /* Debug */ = {
			isa = XCBuildConfiguration;
			buildSettings = {
				ALWAYS_SEARCH_USER_PATHS = NO;
				CLANG_ANALYZER_NONNULL = YES;
				CLANG_ANALYZER_NUMBER_OBJECT_CONVERSION = YES_AGGRESSIVE;
				CLANG_CXX_LANGUAGE_STANDARD = "gnu++20";
				CLANG_ENABLE_MODULES = YES;
				CLANG_ENABLE_OBJC_ARC = YES;
				CLANG_ENABLE_OBJC_WEAK = YES;
				CLANG_WARN_BLOCK_CAPTURE_AUTORELEASING = YES;
				CLANG_WARN_BOOL_CONVERSION = YES;
				CLANG_WARN_COMMA = YES;
				CLANG_WARN_CONSTANT_CONVERSION = YES;
				CLANG_WARN_DEPRECATED_OBJC_IMPLEMENTATIONS = YES;
				CLANG_WARN_DIRECT_OBJC_ISA_USAGE = YES_ERROR;
				CLANG_WARN_DOCUMENTATION_COMMENTS = YES;
				CLANG_WARN_EMPTY_BODY = YES;
				CLANG_WARN_ENUM_CONVERSION = YES;
				CLANG_WARN_INFINITE_RECURSION = YES;
				CLANG_WARN_INT_CONVERSION = YES;
				CLANG_WARN_NON_LITERAL_NULL_CONVERSION = YES;
				CLANG_WARN_OBJC_IMPLICIT_RETAIN_SELF = YES;
				CLANG_WARN_OBJC_LITERAL_CONVERSION = YES;
				CLANG_WARN_OBJC_ROOT_CLASS = YES_ERROR;
				CLANG_WARN_QUOTED_INCLUDE_IN_FRAMEWORK_HEADER = YES;
				CLANG_WARN_RANGE_LOOP_ANALYSIS = YES;
				CLANG_WARN_STRICT_PROTOTYPES = YES;
				CLANG_WARN_SUSPICIOUS_MOVE = YES;
				CLANG_WARN_UNGUARDED_AVAILABILITY = YES_AGGRESSIVE;
				CLANG_WARN_UNREACHABLE_CODE = YES;
				CLANG_WARN__DUPLICATE_METHOD_MATCH = YES;
				COPY_PHASE_STRIP = NO;
				DEBUG_INFORMATION_FORMAT = dwarf;
				ENABLE_STRICT_OBJC_MSGSEND = YES;
				ENABLE_TESTABILITY = YES;
				GCC_C_LANGUAGE_STANDARD = gnu11;
				GCC_DYNAMIC_NO_PIC = NO;
				GCC_NO_COMMON_BLOCKS = YES;
				GCC_OPTIMIZATION_LEVEL = 0;
				GCC_PREPROCESSOR_DEFINITIONS = (
					"DEBUG=1",
					"$(inherited)",
				);
				GCC_WARN_64_TO_32_BIT_CONVERSION = YES;
				GCC_WARN_ABOUT_RETURN_TYPE = YES_ERROR;
				GCC_WARN_UNDECLARED_SELECTOR = YES;
				GCC_WARN_UNINITIALIZED_AUTOS = YES_AGGRESSIVE;
				GCC_WARN_UNUSED_FUNCTION = YES;
				GCC_WARN_UNUSED_VARIABLE = YES;
				IPHONEOS_DEPLOYMENT_TARGET = 16.2;
				MTL_ENABLE_DEBUG_INFO = INCLUDE_SOURCE;
				MTL_FAST_MATH = YES;
				ONLY_ACTIVE_ARCH = YES;
				SDKROOT = iphoneos;
				SWIFT_ACTIVE_COMPILATION_CONDITIONS = DEBUG;
				SWIFT_OPTIMIZATION_LEVEL = "-Onone";
			};
			name = Debug;
		};
		0DFE83A429F02AC800E62715 /* Release */ = {
			isa = XCBuildConfiguration;
			buildSettings = {
				ALWAYS_SEARCH_USER_PATHS = NO;
				CLANG_ANALYZER_NONNULL = YES;
				CLANG_ANALYZER_NUMBER_OBJECT_CONVERSION = YES_AGGRESSIVE;
				CLANG_CXX_LANGUAGE_STANDARD = "gnu++20";
				CLANG_ENABLE_MODULES = YES;
				CLANG_ENABLE_OBJC_ARC = YES;
				CLANG_ENABLE_OBJC_WEAK = YES;
				CLANG_WARN_BLOCK_CAPTURE_AUTORELEASING = YES;
				CLANG_WARN_BOOL_CONVERSION = YES;
				CLANG_WARN_COMMA = YES;
				CLANG_WARN_CONSTANT_CONVERSION = YES;
				CLANG_WARN_DEPRECATED_OBJC_IMPLEMENTATIONS = YES;
				CLANG_WARN_DIRECT_OBJC_ISA_USAGE = YES_ERROR;
				CLANG_WARN_DOCUMENTATION_COMMENTS = YES;
				CLANG_WARN_EMPTY_BODY = YES;
				CLANG_WARN_ENUM_CONVERSION = YES;
				CLANG_WARN_INFINITE_RECURSION = YES;
				CLANG_WARN_INT_CONVERSION = YES;
				CLANG_WARN_NON_LITERAL_NULL_CONVERSION = YES;
				CLANG_WARN_OBJC_IMPLICIT_RETAIN_SELF = YES;
				CLANG_WARN_OBJC_LITERAL_CONVERSION = YES;
				CLANG_WARN_OBJC_ROOT_CLASS = YES_ERROR;
				CLANG_WARN_QUOTED_INCLUDE_IN_FRAMEWORK_HEADER = YES;
				CLANG_WARN_RANGE_LOOP_ANALYSIS = YES;
				CLANG_WARN_STRICT_PROTOTYPES = YES;
				CLANG_WARN_SUSPICIOUS_MOVE = YES;
				CLANG_WARN_UNGUARDED_AVAILABILITY = YES_AGGRESSIVE;
				CLANG_WARN_UNREACHABLE_CODE = YES;
				CLANG_WARN__DUPLICATE_METHOD_MATCH = YES;
				COPY_PHASE_STRIP = NO;
				DEBUG_INFORMATION_FORMAT = "dwarf-with-dsym";
				ENABLE_NS_ASSERTIONS = NO;
				ENABLE_STRICT_OBJC_MSGSEND = YES;
				GCC_C_LANGUAGE_STANDARD = gnu11;
				GCC_NO_COMMON_BLOCKS = YES;
				GCC_WARN_64_TO_32_BIT_CONVERSION = YES;
				GCC_WARN_ABOUT_RETURN_TYPE = YES_ERROR;
				GCC_WARN_UNDECLARED_SELECTOR = YES;
				GCC_WARN_UNINITIALIZED_AUTOS = YES_AGGRESSIVE;
				GCC_WARN_UNUSED_FUNCTION = YES;
				GCC_WARN_UNUSED_VARIABLE = YES;
				IPHONEOS_DEPLOYMENT_TARGET = 16.2;
				MTL_ENABLE_DEBUG_INFO = NO;
				MTL_FAST_MATH = YES;
				SDKROOT = iphoneos;
				SWIFT_COMPILATION_MODE = wholemodule;
				SWIFT_OPTIMIZATION_LEVEL = "-O";
				VALIDATE_PRODUCT = YES;
			};
			name = Release;
		};
		0DFE83A629F02AC800E62715 /* Debug */ = {
			isa = XCBuildConfiguration;
			buildSettings = {
				ASSETCATALOG_COMPILER_APPICON_NAME = AppIcon;
				ASSETCATALOG_COMPILER_GLOBAL_ACCENT_COLOR_NAME = AccentColor;
				CODE_SIGN_STYLE = Automatic;
				CURRENT_PROJECT_VERSION = 1;
				DEVELOPMENT_TEAM = 3P9KGAPYFK;
				GENERATE_INFOPLIST_FILE = YES;
				INFOPLIST_FILE = RandomUser/Info.plist;
				INFOPLIST_KEY_UIApplicationSupportsIndirectInputEvents = YES;
				INFOPLIST_KEY_UILaunchStoryboardName = LaunchScreen;
				INFOPLIST_KEY_UISupportedInterfaceOrientations_iPad = "UIInterfaceOrientationPortrait UIInterfaceOrientationPortraitUpsideDown UIInterfaceOrientationLandscapeLeft UIInterfaceOrientationLandscapeRight";
				INFOPLIST_KEY_UISupportedInterfaceOrientations_iPhone = "UIInterfaceOrientationPortrait UIInterfaceOrientationLandscapeLeft UIInterfaceOrientationLandscapeRight";
				LD_RUNPATH_SEARCH_PATHS = (
					"$(inherited)",
					"@executable_path/Frameworks",
				);
				MARKETING_VERSION = 1.0;
				PRODUCT_BUNDLE_IDENTIFIER = com.alexPermiakov.RandomUser;
				PRODUCT_NAME = "$(TARGET_NAME)";
				SWIFT_EMIT_LOC_STRINGS = YES;
				SWIFT_VERSION = 5.0;
				TARGETED_DEVICE_FAMILY = "1,2";
			};
			name = Debug;
		};
		0DFE83A729F02AC800E62715 /* Release */ = {
			isa = XCBuildConfiguration;
			buildSettings = {
				ASSETCATALOG_COMPILER_APPICON_NAME = AppIcon;
				ASSETCATALOG_COMPILER_GLOBAL_ACCENT_COLOR_NAME = AccentColor;
				CODE_SIGN_STYLE = Automatic;
				CURRENT_PROJECT_VERSION = 1;
				DEVELOPMENT_TEAM = 3P9KGAPYFK;
				GENERATE_INFOPLIST_FILE = YES;
				INFOPLIST_FILE = RandomUser/Info.plist;
				INFOPLIST_KEY_UIApplicationSupportsIndirectInputEvents = YES;
				INFOPLIST_KEY_UILaunchStoryboardName = LaunchScreen;
				INFOPLIST_KEY_UISupportedInterfaceOrientations_iPad = "UIInterfaceOrientationPortrait UIInterfaceOrientationPortraitUpsideDown UIInterfaceOrientationLandscapeLeft UIInterfaceOrientationLandscapeRight";
				INFOPLIST_KEY_UISupportedInterfaceOrientations_iPhone = "UIInterfaceOrientationPortrait UIInterfaceOrientationLandscapeLeft UIInterfaceOrientationLandscapeRight";
				LD_RUNPATH_SEARCH_PATHS = (
					"$(inherited)",
					"@executable_path/Frameworks",
				);
				MARKETING_VERSION = 1.0;
				PRODUCT_BUNDLE_IDENTIFIER = com.alexPermiakov.RandomUser;
				PRODUCT_NAME = "$(TARGET_NAME)";
				SWIFT_EMIT_LOC_STRINGS = YES;
				SWIFT_VERSION = 5.0;
				TARGETED_DEVICE_FAMILY = "1,2";
			};
			name = Release;
		};
		0DFE83A929F02AC800E62715 /* Debug */ = {
			isa = XCBuildConfiguration;
			buildSettings = {
				ALWAYS_EMBED_SWIFT_STANDARD_LIBRARIES = YES;
				BUNDLE_LOADER = "$(TEST_HOST)";
				CODE_SIGN_STYLE = Automatic;
				CURRENT_PROJECT_VERSION = 1;
				DEVELOPMENT_TEAM = 3P9KGAPYFK;
				GENERATE_INFOPLIST_FILE = YES;
				IPHONEOS_DEPLOYMENT_TARGET = 16.2;
				MARKETING_VERSION = 1.0;
				PRODUCT_BUNDLE_IDENTIFIER = com.alexPermiakov.RandomUserTests;
				PRODUCT_NAME = "$(TARGET_NAME)";
				SWIFT_EMIT_LOC_STRINGS = NO;
				SWIFT_VERSION = 5.0;
				TARGETED_DEVICE_FAMILY = "1,2";
				TEST_HOST = "$(BUILT_PRODUCTS_DIR)/RandomUser.app/$(BUNDLE_EXECUTABLE_FOLDER_PATH)/RandomUser";
			};
			name = Debug;
		};
		0DFE83AA29F02AC800E62715 /* Release */ = {
			isa = XCBuildConfiguration;
			buildSettings = {
				ALWAYS_EMBED_SWIFT_STANDARD_LIBRARIES = YES;
				BUNDLE_LOADER = "$(TEST_HOST)";
				CODE_SIGN_STYLE = Automatic;
				CURRENT_PROJECT_VERSION = 1;
				DEVELOPMENT_TEAM = 3P9KGAPYFK;
				GENERATE_INFOPLIST_FILE = YES;
				IPHONEOS_DEPLOYMENT_TARGET = 16.2;
				MARKETING_VERSION = 1.0;
				PRODUCT_BUNDLE_IDENTIFIER = com.alexPermiakov.RandomUserTests;
				PRODUCT_NAME = "$(TARGET_NAME)";
				SWIFT_EMIT_LOC_STRINGS = NO;
				SWIFT_VERSION = 5.0;
				TARGETED_DEVICE_FAMILY = "1,2";
				TEST_HOST = "$(BUILT_PRODUCTS_DIR)/RandomUser.app/$(BUNDLE_EXECUTABLE_FOLDER_PATH)/RandomUser";
			};
			name = Release;
		};
		0DFE83AC29F02AC800E62715 /* Debug */ = {
			isa = XCBuildConfiguration;
			buildSettings = {
				ALWAYS_EMBED_SWIFT_STANDARD_LIBRARIES = YES;
				CODE_SIGN_STYLE = Automatic;
				CURRENT_PROJECT_VERSION = 1;
				DEVELOPMENT_TEAM = 3P9KGAPYFK;
				GENERATE_INFOPLIST_FILE = YES;
				MARKETING_VERSION = 1.0;
				PRODUCT_BUNDLE_IDENTIFIER = com.alexPermiakov.RandomUserUITests;
				PRODUCT_NAME = "$(TARGET_NAME)";
				SWIFT_EMIT_LOC_STRINGS = NO;
				SWIFT_VERSION = 5.0;
				TARGETED_DEVICE_FAMILY = "1,2";
				TEST_TARGET_NAME = RandomUser;
			};
			name = Debug;
		};
		0DFE83AD29F02AC800E62715 /* Release */ = {
			isa = XCBuildConfiguration;
			buildSettings = {
				ALWAYS_EMBED_SWIFT_STANDARD_LIBRARIES = YES;
				CODE_SIGN_STYLE = Automatic;
				CURRENT_PROJECT_VERSION = 1;
				DEVELOPMENT_TEAM = 3P9KGAPYFK;
				GENERATE_INFOPLIST_FILE = YES;
				MARKETING_VERSION = 1.0;
				PRODUCT_BUNDLE_IDENTIFIER = com.alexPermiakov.RandomUserUITests;
				PRODUCT_NAME = "$(TARGET_NAME)";
				SWIFT_EMIT_LOC_STRINGS = NO;
				SWIFT_VERSION = 5.0;
				TARGETED_DEVICE_FAMILY = "1,2";
				TEST_TARGET_NAME = RandomUser;
			};
			name = Release;
		};
/* End XCBuildConfiguration section */

/* Begin XCConfigurationList section */
		0DFE837629F02AC600E62715 /* Build configuration list for PBXProject "RandomUser" */ = {
			isa = XCConfigurationList;
			buildConfigurations = (
				0DFE83A329F02AC800E62715 /* Debug */,
				0DFE83A429F02AC800E62715 /* Release */,
			);
			defaultConfigurationIsVisible = 0;
			defaultConfigurationName = Release;
		};
		0DFE83A529F02AC800E62715 /* Build configuration list for PBXNativeTarget "RandomUser" */ = {
			isa = XCConfigurationList;
			buildConfigurations = (
				0DFE83A629F02AC800E62715 /* Debug */,
				0DFE83A729F02AC800E62715 /* Release */,
			);
			defaultConfigurationIsVisible = 0;
			defaultConfigurationName = Release;
		};
		0DFE83A829F02AC800E62715 /* Build configuration list for PBXNativeTarget "RandomUserTests" */ = {
			isa = XCConfigurationList;
			buildConfigurations = (
				0DFE83A929F02AC800E62715 /* Debug */,
				0DFE83AA29F02AC800E62715 /* Release */,
			);
			defaultConfigurationIsVisible = 0;
			defaultConfigurationName = Release;
		};
		0DFE83AB29F02AC800E62715 /* Build configuration list for PBXNativeTarget "RandomUserUITests" */ = {
			isa = XCConfigurationList;
			buildConfigurations = (
				0DFE83AC29F02AC800E62715 /* Debug */,
				0DFE83AD29F02AC800E62715 /* Release */,
			);
			defaultConfigurationIsVisible = 0;
			defaultConfigurationName = Release;
		};
/* End XCConfigurationList section */

/* Begin XCRemoteSwiftPackageReference section */
		0D92E1F229F5268F00FACDFC /* XCRemoteSwiftPackageReference "Kingfisher" */ = {
			isa = XCRemoteSwiftPackageReference;
			repositoryURL = "https://github.com/onevcat/Kingfisher.git";
			requirement = {
				kind = upToNextMajorVersion;
				minimumVersion = 7.0.0;
			};
		};
/* End XCRemoteSwiftPackageReference section */

/* Begin XCSwiftPackageProductDependency section */
		0D92E1F329F5268F00FACDFC /* Kingfisher */ = {
			isa = XCSwiftPackageProductDependency;
			package = 0D92E1F229F5268F00FACDFC /* XCRemoteSwiftPackageReference "Kingfisher" */;
			productName = Kingfisher;
		};
/* End XCSwiftPackageProductDependency section */
	};
	rootObject = 0DFE837329F02AC600E62715 /* Project object */;
}
